// !$*UTF8*$!
{
	archiveVersion = 1;
	classes = {
	};
	objectVersion = 50;
	objects = {

/* Begin PBXBuildFile section */
		CEFF10CC2612C61000D045D9 /* AppDelegate.swift in Sources */ = {isa = PBXBuildFile; fileRef = CEFF10CB2612C61000D045D9 /* AppDelegate.swift */; };
		CEFF10CE2612C61000D045D9 /* SceneDelegate.swift in Sources */ = {isa = PBXBuildFile; fileRef = CEFF10CD2612C61000D045D9 /* SceneDelegate.swift */; };
		CEFF10D02612C61000D045D9 /* ViewController.swift in Sources */ = {isa = PBXBuildFile; fileRef = CEFF10CF2612C61000D045D9 /* ViewController.swift */; };
		CEFF10D32612C61000D045D9 /* Main.storyboard in Resources */ = {isa = PBXBuildFile; fileRef = CEFF10D12612C61000D045D9 /* Main.storyboard */; };
		CEFF10D52612C61400D045D9 /* Assets.xcassets in Resources */ = {isa = PBXBuildFile; fileRef = CEFF10D42612C61400D045D9 /* Assets.xcassets */; };
		CEFF10D82612C61400D045D9 /* LaunchScreen.storyboard in Resources */ = {isa = PBXBuildFile; fileRef = CEFF10D62612C61400D045D9 /* LaunchScreen.storyboard */; };
		CEFF10E42612E1B800D045D9 /* Video.swift in Sources */ = {isa = PBXBuildFile; fileRef = CEFF10E32612E1B800D045D9 /* Video.swift */; };
		CEFF10E82612E26300D045D9 /* Constants.swift in Sources */ = {isa = PBXBuildFile; fileRef = CEFF10E72612E26300D045D9 /* Constants.swift */; };
		CEFF10EB2612E46D00D045D9 /* Model.swift in Sources */ = {isa = PBXBuildFile; fileRef = CEFF10EA2612E46D00D045D9 /* Model.swift */; };
		CEFF10EE261302AE00D045D9 /* Response.swift in Sources */ = {isa = PBXBuildFile; fileRef = CEFF10ED261302AE00D045D9 /* Response.swift */; };
/* End PBXBuildFile section */

/* Begin PBXFileReference section */
		CEFF10C82612C61000D045D9 /* youtube-onedaybuild02.app */ = {isa = PBXFileReference; explicitFileType = wrapper.application; includeInIndex = 0; path = "youtube-onedaybuild02.app"; sourceTree = BUILT_PRODUCTS_DIR; };
		CEFF10CB2612C61000D045D9 /* AppDelegate.swift */ = {isa = PBXFileReference; lastKnownFileType = sourcecode.swift; path = AppDelegate.swift; sourceTree = "<group>"; };
		CEFF10CD2612C61000D045D9 /* SceneDelegate.swift */ = {isa = PBXFileReference; lastKnownFileType = sourcecode.swift; path = SceneDelegate.swift; sourceTree = "<group>"; };
		CEFF10CF2612C61000D045D9 /* ViewController.swift */ = {isa = PBXFileReference; lastKnownFileType = sourcecode.swift; path = ViewController.swift; sourceTree = "<group>"; };
		CEFF10D22612C61000D045D9 /* Base */ = {isa = PBXFileReference; lastKnownFileType = file.storyboard; name = Base; path = Base.lproj/Main.storyboard; sourceTree = "<group>"; };
		CEFF10D42612C61400D045D9 /* Assets.xcassets */ = {isa = PBXFileReference; lastKnownFileType = folder.assetcatalog; path = Assets.xcassets; sourceTree = "<group>"; };
		CEFF10D72612C61400D045D9 /* Base */ = {isa = PBXFileReference; lastKnownFileType = file.storyboard; name = Base; path = Base.lproj/LaunchScreen.storyboard; sourceTree = "<group>"; };
		CEFF10D92612C61400D045D9 /* Info.plist */ = {isa = PBXFileReference; lastKnownFileType = text.plist.xml; path = Info.plist; sourceTree = "<group>"; };
		CEFF10E32612E1B800D045D9 /* Video.swift */ = {isa = PBXFileReference; lastKnownFileType = sourcecode.swift; path = Video.swift; sourceTree = "<group>"; };
		CEFF10E72612E26300D045D9 /* Constants.swift */ = {isa = PBXFileReference; lastKnownFileType = sourcecode.swift; path = Constants.swift; sourceTree = "<group>"; };
		CEFF10EA2612E46D00D045D9 /* Model.swift */ = {isa = PBXFileReference; lastKnownFileType = sourcecode.swift; path = Model.swift; sourceTree = "<group>"; };
		CEFF10ED261302AE00D045D9 /* Response.swift */ = {isa = PBXFileReference; lastKnownFileType = sourcecode.swift; path = Response.swift; sourceTree = "<group>"; };
/* End PBXFileReference section */

/* Begin PBXFrameworksBuildPhase section */
		CEFF10C52612C61000D045D9 /* Frameworks */ = {
			isa = PBXFrameworksBuildPhase;
			buildActionMask = 2147483647;
			files = (
			);
			runOnlyForDeploymentPostprocessing = 0;
		};
/* End PBXFrameworksBuildPhase section */

/* Begin PBXGroup section */
		CEFF10BF2612C61000D045D9 = {
			isa = PBXGroup;
			children = (
				CEFF10CA2612C61000D045D9 /* youtube-onedaybuild02 */,
				CEFF10C92612C61000D045D9 /* Products */,
			);
			sourceTree = "<group>";
		};
		CEFF10C92612C61000D045D9 /* Products */ = {
			isa = PBXGroup;
			children = (
				CEFF10C82612C61000D045D9 /* youtube-onedaybuild02.app */,
			);
			name = Products;
			sourceTree = "<group>";
		};
		CEFF10CA2612C61000D045D9 /* youtube-onedaybuild02 */ = {
			isa = PBXGroup;
			children = (
				CEFF10CB2612C61000D045D9 /* AppDelegate.swift */,
				CEFF10CD2612C61000D045D9 /* SceneDelegate.swift */,
				CEFF10CF2612C61000D045D9 /* ViewController.swift */,
				CEFF10D12612C61000D045D9 /* Main.storyboard */,
				CEFF10D42612C61400D045D9 /* Assets.xcassets */,
				CEFF10D62612C61400D045D9 /* LaunchScreen.storyboard */,
				CEFF10D92612C61400D045D9 /* Info.plist */,
				CEFF10E72612E26300D045D9 /* Constants.swift */,
				CEFF10E32612E1B800D045D9 /* Video.swift */,
				CEFF10EA2612E46D00D045D9 /* Model.swift */,
				CEFF10ED261302AE00D045D9 /* Response.swift */,
			);
			path = "youtube-onedaybuild02";
			sourceTree = "<group>";
		};
/* End PBXGroup section */

/* Begin PBXNativeTarget section */
		CEFF10C72612C61000D045D9 /* youtube-onedaybuild02 */ = {
			isa = PBXNativeTarget;
			buildConfigurationList = CEFF10DC2612C61400D045D9 /* Build configuration list for PBXNativeTarget "youtube-onedaybuild02" */;
			buildPhases = (
				CEFF10C42612C61000D045D9 /* Sources */,
				CEFF10C52612C61000D045D9 /* Frameworks */,
				CEFF10C62612C61000D045D9 /* Resources */,
			);
			buildRules = (
			);
			dependencies = (
			);
			name = "youtube-onedaybuild02";
			productName = "youtube-onedaybuild02";
			productReference = CEFF10C82612C61000D045D9 /* youtube-onedaybuild02.app */;
			productType = "com.apple.product-type.application";
		};
/* End PBXNativeTarget section */

/* Begin PBXProject section */
		CEFF10C02612C61000D045D9 /* Project object */ = {
			isa = PBXProject;
			attributes = {
				LastSwiftUpdateCheck = 1240;
				LastUpgradeCheck = 1240;
				TargetAttributes = {
					CEFF10C72612C61000D045D9 = {
						CreatedOnToolsVersion = 12.4;
					};
				};
			};
			buildConfigurationList = CEFF10C32612C61000D045D9 /* Build configuration list for PBXProject "youtube-onedaybuild02" */;
			compatibilityVersion = "Xcode 9.3";
			developmentRegion = en;
			hasScannedForEncodings = 0;
			knownRegions = (
				en,
				Base,
			);
			mainGroup = CEFF10BF2612C61000D045D9;
			productRefGroup = CEFF10C92612C61000D045D9 /* Products */;
			projectDirPath = "";
			projectRoot = "";
			targets = (
				CEFF10C72612C61000D045D9 /* youtube-onedaybuild02 */,
			);
		};
/* End PBXProject section */

/* Begin PBXResourcesBuildPhase section */
		CEFF10C62612C61000D045D9 /* Resources */ = {
			isa = PBXResourcesBuildPhase;
			buildActionMask = 2147483647;
			files = (
				CEFF10D82612C61400D045D9 /* LaunchScreen.storyboard in Resources */,
				CEFF10D52612C61400D045D9 /* Assets.xcassets in Resources */,
				CEFF10D32612C61000D045D9 /* Main.storyboard in Resources */,
			);
			runOnlyForDeploymentPostprocessing = 0;
		};
/* End PBXResourcesBuildPhase section */

/* Begin PBXSourcesBuildPhase section */
		CEFF10C42612C61000D045D9 /* Sources */ = {
			isa = PBXSourcesBuildPhase;
			buildActionMask = 2147483647;
			files = (
				CEFF10E82612E26300D045D9 /* Constants.swift in Sources */,
				CEFF10D02612C61000D045D9 /* ViewController.swift in Sources */,
				CEFF10CC2612C61000D045D9 /* AppDelegate.swift in Sources */,
				CEFF10EB2612E46D00D045D9 /* Model.swift in Sources */,
				CEFF10CE2612C61000D045D9 /* SceneDelegate.swift in Sources */,
				CEFF10E42612E1B800D045D9 /* Video.swift in Sources */,
				CEFF10EE261302AE00D045D9 /* Response.swift in Sources */,
			);
			runOnlyForDeploymentPostprocessing = 0;
		};
/* End PBXSourcesBuildPhase section */

/* Begin PBXVariantGroup section */
		CEFF10D12612C61000D045D9 /* Main.storyboard */ = {
			isa = PBXVariantGroup;
			children = (
				CEFF10D22612C61000D045D9 /* Base */,
			);
			name = Main.storyboard;
			sourceTree = "<group>";
		};
		CEFF10D62612C61400D045D9 /* LaunchScreen.storyboard */ = {
			isa = PBXVariantGroup;
			children = (
				CEFF10D72612C61400D045D9 /* Base */,
			);
			name = LaunchScreen.storyboard;
			sourceTree = "<group>";
		};
/* End PBXVariantGroup section */

/* Begin XCBuildConfiguration section */
		CEFF10DA2612C61400D045D9 /* Debug */ = {
			isa = XCBuildConfiguration;
			buildSettings = {
				ALWAYS_SEARCH_USER_PATHS = NO;
				CLANG_ANALYZER_NONNULL = YES;
				CLANG_ANALYZER_NUMBER_OBJECT_CONVERSION = YES_AGGRESSIVE;
				CLANG_CXX_LANGUAGE_STANDARD = "gnu++14";
				CLANG_CXX_LIBRARY = "libc++";
				CLANG_ENABLE_MODULES = YES;
				CLANG_ENABLE_OBJC_ARC = YES;
				CLANG_ENABLE_OBJC_WEAK = YES;
				CLANG_WARN_BLOCK_CAPTURE_AUTORELEASING = YES;
				CLANG_WARN_BOOL_CONVERSION = YES;
				CLANG_WARN_COMMA = YES;
				CLANG_WARN_CONSTANT_CONVERSION = YES;
				CLANG_WARN_DEPRECATED_OBJC_IMPLEMENTATIONS = YES;
				CLANG_WARN_DIRECT_OBJC_ISA_USAGE = YES_ERROR;
				CLANG_WARN_DOCUMENTATION_COMMENTS = YES;
				CLANG_WARN_EMPTY_BODY = YES;
				CLANG_WARN_ENUM_CONVERSION = YES;
				CLANG_WARN_INFINITE_RECURSION = YES;
				CLANG_WARN_INT_CONVERSION = YES;
				CLANG_WARN_NON_LITERAL_NULL_CONVERSION = YES;
				CLANG_WARN_OBJC_IMPLICIT_RETAIN_SELF = YES;
				CLANG_WARN_OBJC_LITERAL_CONVERSION = YES;
				CLANG_WARN_OBJC_ROOT_CLASS = YES_ERROR;
				CLANG_WARN_QUOTED_INCLUDE_IN_FRAMEWORK_HEADER = YES;
				CLANG_WARN_RANGE_LOOP_ANALYSIS = YES;
				CLANG_WARN_STRICT_PROTOTYPES = YES;
				CLANG_WARN_SUSPICIOUS_MOVE = YES;
				CLANG_WARN_UNGUARDED_AVAILABILITY = YES_AGGRESSIVE;
				CLANG_WARN_UNREACHABLE_CODE = YES;
				CLANG_WARN__DUPLICATE_METHOD_MATCH = YES;
				COPY_PHASE_STRIP = NO;
				DEBUG_INFORMATION_FORMAT = dwarf;
				ENABLE_STRICT_OBJC_MSGSEND = YES;
				ENABLE_TESTABILITY = YES;
				GCC_C_LANGUAGE_STANDARD = gnu11;
				GCC_DYNAMIC_NO_PIC = NO;
				GCC_NO_COMMON_BLOCKS = YES;
				GCC_OPTIMIZATION_LEVEL = 0;
				GCC_PREPROCESSOR_DEFINITIONS = (
					"DEBUG=1",
					"$(inherited)",
				);
				GCC_WARN_64_TO_32_BIT_CONVERSION = YES;
				GCC_WARN_ABOUT_RETURN_TYPE = YES_ERROR;
				GCC_WARN_UNDECLARED_SELECTOR = YES;
				GCC_WARN_UNINITIALIZED_AUTOS = YES_AGGRESSIVE;
				GCC_WARN_UNUSED_FUNCTION = YES;
				GCC_WARN_UNUSED_VARIABLE = YES;
				IPHONEOS_DEPLOYMENT_TARGET = 14.4;
				MTL_ENABLE_DEBUG_INFO = INCLUDE_SOURCE;
				MTL_FAST_MATH = YES;
				ONLY_ACTIVE_ARCH = YES;
				SDKROOT = iphoneos;
				SWIFT_ACTIVE_COMPILATION_CONDITIONS = DEBUG;
				SWIFT_OPTIMIZATION_LEVEL = "-Onone";
			};
			name = Debug;
		};
		CEFF10DB2612C61400D045D9 /* Release */ = {
			isa = XCBuildConfiguration;
			buildSettings = {
				ALWAYS_SEARCH_USER_PATHS = NO;
				CLANG_ANALYZER_NONNULL = YES;
				CLANG_ANALYZER_NUMBER_OBJECT_CONVERSION = YES_AGGRESSIVE;
				CLANG_CXX_LANGUAGE_STANDARD = "gnu++14";
				CLANG_CXX_LIBRARY = "libc++";
				CLANG_ENABLE_MODULES = YES;
				CLANG_ENABLE_OBJC_ARC = YES;
				CLANG_ENABLE_OBJC_WEAK = YES;
				CLANG_WARN_BLOCK_CAPTURE_AUTORELEASING = YES;
				CLANG_WARN_BOOL_CONVERSION = YES;
				CLANG_WARN_COMMA = YES;
				CLANG_WARN_CONSTANT_CONVERSION = YES;
				CLANG_WARN_DEPRECATED_OBJC_IMPLEMENTATIONS = YES;
				CLANG_WARN_DIRECT_OBJC_ISA_USAGE = YES_ERROR;
				CLANG_WARN_DOCUMENTATION_COMMENTS = YES;
				CLANG_WARN_EMPTY_BODY = YES;
				CLANG_WARN_ENUM_CONVERSION = YES;
				CLANG_WARN_INFINITE_RECURSION = YES;
				CLANG_WARN_INT_CONVERSION = YES;
				CLANG_WARN_NON_LITERAL_NULL_CONVERSION = YES;
				CLANG_WARN_OBJC_IMPLICIT_RETAIN_SELF = YES;
				CLANG_WARN_OBJC_LITERAL_CONVERSION = YES;
				CLANG_WARN_OBJC_ROOT_CLASS = YES_ERROR;
				CLANG_WARN_QUOTED_INCLUDE_IN_FRAMEWORK_HEADER = YES;
				CLANG_WARN_RANGE_LOOP_ANALYSIS = YES;
				CLANG_WARN_STRICT_PROTOTYPES = YES;
				CLANG_WARN_SUSPICIOUS_MOVE = YES;
				CLANG_WARN_UNGUARDED_AVAILABILITY = YES_AGGRESSIVE;
				CLANG_WARN_UNREACHABLE_CODE = YES;
				CLANG_WARN__DUPLICATE_METHOD_MATCH = YES;
				COPY_PHASE_STRIP = NO;
				DEBUG_INFORMATION_FORMAT = "dwarf-with-dsym";
				ENABLE_NS_ASSERTIONS = NO;
				ENABLE_STRICT_OBJC_MSGSEND = YES;
				GCC_C_LANGUAGE_STANDARD = gnu11;
				GCC_NO_COMMON_BLOCKS = YES;
				GCC_WARN_64_TO_32_BIT_CONVERSION = YES;
				GCC_WARN_ABOUT_RETURN_TYPE = YES_ERROR;
				GCC_WARN_UNDECLARED_SELECTOR = YES;
				GCC_WARN_UNINITIALIZED_AUTOS = YES_AGGRESSIVE;
				GCC_WARN_UNUSED_FUNCTION = YES;
				GCC_WARN_UNUSED_VARIABLE = YES;
				IPHONEOS_DEPLOYMENT_TARGET = 14.4;
				MTL_ENABLE_DEBUG_INFO = NO;
				MTL_FAST_MATH = YES;
				SDKROOT = iphoneos;
				SWIFT_COMPILATION_MODE = wholemodule;
				SWIFT_OPTIMIZATION_LEVEL = "-O";
				VALIDATE_PRODUCT = YES;
			};
			name = Release;
		};
		CEFF10DD2612C61400D045D9 /* Debug */ = {
			isa = XCBuildConfiguration;
			buildSettings = {
				ASSETCATALOG_COMPILER_APPICON_NAME = AppIcon;
				ASSETCATALOG_COMPILER_GLOBAL_ACCENT_COLOR_NAME = AccentColor;
				CODE_SIGN_STYLE = Automatic;
				DEVELOPMENT_TEAM = WMY5SMYCZY;
				INFOPLIST_FILE = "youtube-onedaybuild02/Info.plist";
				LD_RUNPATH_SEARCH_PATHS = (
					"$(inherited)",
					"@executable_path/Frameworks",
				);
				PRODUCT_BUNDLE_IDENTIFIER = "com.Ogbworld-Hillary.youtube-onedaybuild02";
				PRODUCT_NAME = "$(TARGET_NAME)";
				SWIFT_VERSION = 5.0;
				TARGETED_DEVICE_FAMILY = "1,2";
			};
			name = Debug;
		};
		CEFF10DE2612C61400D045D9 /* Release */ = {
			isa = XCBuildConfiguration;
			buildSettings = {
				ASSETCATALOG_COMPILER_APPICON_NAME = AppIcon;
				ASSETCATALOG_COMPILER_GLOBAL_ACCENT_COLOR_NAME = AccentColor;
				CODE_SIGN_STYLE = Automatic;
				DEVELOPMENT_TEAM = WMY5SMYCZY;
				INFOPLIST_FILE = "youtube-onedaybuild02/Info.plist";
				LD_RUNPATH_SEARCH_PATHS = (
					"$(inherited)",
					"@executable_path/Frameworks",
				);
				PRODUCT_BUNDLE_IDENTIFIER = "com.Ogbworld-Hillary.youtube-onedaybuild02";
				PRODUCT_NAME = "$(TARGET_NAME)";
				SWIFT_VERSION = 5.0;
				TARGETED_DEVICE_FAMILY = "1,2";
			};
			name = Release;
		};
/* End XCBuildConfiguration section */

/* Begin XCConfigurationList section */
		CEFF10C32612C61000D045D9 /* Build configuration list for PBXProject "youtube-onedaybuild02" */ = {
			isa = XCConfigurationList;
			buildConfigurations = (
				CEFF10DA2612C61400D045D9 /* Debug */,
				CEFF10DB2612C61400D045D9 /* Release */,
			);
			defaultConfigurationIsVisible = 0;
			defaultConfigurationName = Release;
		};
		CEFF10DC2612C61400D045D9 /* Build configuration list for PBXNativeTarget "youtube-onedaybuild02" */ = {
			isa = XCConfigurationList;
			buildConfigurations = (
				CEFF10DD2612C61400D045D9 /* Debug */,
				CEFF10DE2612C61400D045D9 /* Release */,
			);
			defaultConfigurationIsVisible = 0;
			defaultConfigurationName = Release;
		};
/* End XCConfigurationList section */
	};
	rootObject = CEFF10C02612C61000D045D9 /* Project object */;
}
